
Microsoft Visual Studio Solution File, Format Version 11.00
# Visual Studio 2010
Project("{FAE04EC0-301F-11D3-BF4B-00C04F79EFBC}") = "UnityEngine.TestRunner", "UnityEngine.TestRunner.csproj", "{f3397e74-9da9-2bdc-861a-e3c1e49c12a7}"
EndProject
Project("{FAE04EC0-301F-11D3-BF4B-00C04F79EFBC}") = "UnityEngine.UI", "UnityEngine.UI.csproj", "{f4c4110e-1d50-c2d7-7059-440478e29033}"
EndProject
Project("{FAE04EC0-301F-11D3-BF4B-00C04F79EFBC}") = "Unity.Mathematics", "Unity.Mathematics.csproj", "{e4482abf-9df5-eadf-7c45-b2fc6ade1213}"
EndProject
Project("{FAE04EC0-301F-11D3-BF4B-00C04F79EFBC}") = "Unity.VisualScripting.State", "Unity.VisualScripting.State.csproj", "{8b52bd98-2e52-8173-c7f5-c6292fb45e66}"
EndProject
Project("{FAE04EC0-301F-11D3-BF4B-00C04F79EFBC}") = "Unity.VisualScripting.Core", "Unity.VisualScripting.Core.csproj", "{00d2bb41-bf41-dbc2-2322-cd7fc06c23f8}"
EndProject
Project("{FAE04EC0-301F-11D3-BF4B-00C04F79EFBC}") = "Unity.VisualScripting.Flow", "Unity.VisualScripting.Flow.csproj", "{e766ce09-9f37-2a68-9852-e4c36a2e56dc}"
EndProject
Project("{FAE04EC0-301F-11D3-BF4B-00C04F79EFBC}") = "Unity.2D.Animation.Runtime", "Unity.2D.Animation.Runtime.csproj", "{310cc662-ce85-ea25-ef81-31b6fe4bfc3d}"
EndProject
Project("{FAE04EC0-301F-11D3-BF4B-00C04F79EFBC}") = "Unity.TextMeshPro", "Unity.TextMeshPro.csproj", "{fdc56455-7e62-8569-1c9c-63640d145475}"
EndProject
Project("{FAE04EC0-301F-11D3-BF4B-00C04F79EFBC}") = "Unity.Timeline", "Unity.Timeline.csproj", "{9bb3695e-d44a-ad54-689c-4cae297a1875}"
EndProject
Project("{FAE04EC0-301F-11D3-BF4B-00C04F79EFBC}") = "Unity.2D.SpriteShape.Runtime", "Unity.2D.SpriteShape.Runtime.csproj", "{c7397351-7d18-b562-118d-706cd0c1b922}"
EndProject
Project("{FAE04EC0-301F-11D3-BF4B-00C04F79EFBC}") = "Unity.2D.Animation.Triangle.Runtime", "Unity.2D.Animation.Triangle.Runtime.csproj", "{403839f6-d3ea-17f7-3781-b789a5f78b27}"
EndProject
Project("{FAE04EC0-301F-11D3-BF4B-00C04F79EFBC}") = "Assembly-CSharp", "Assembly-CSharp.csproj", "{223aba4d-ba14-794c-564c-2629bf551d40}"
EndProject
Project("{FAE04EC0-301F-11D3-BF4B-00C04F79EFBC}") = "Unity.2D.PixelPerfect", "Unity.2D.PixelPerfect.csproj", "{fc6f591f-06a7-5c59-fe5f-80beeb0b7b3c}"
EndProject
Project("{FAE04EC0-301F-11D3-BF4B-00C04F79EFBC}") = "Unity.2D.IK.Runtime", "Unity.2D.IK.Runtime.csproj", "{ca0ba82d-f275-5af7-96cc-9dda2cf76495}"
EndProject
Project("{FAE04EC0-301F-11D3-BF4B-00C04F79EFBC}") = "Unity.2D.Common.Runtime", "Unity.2D.Common.Runtime.csproj", "{6a42dbbc-d37b-fca9-31d5-82145917af7f}"
EndProject
Project("{FAE04EC0-301F-11D3-BF4B-00C04F79EFBC}") = "Unity.InternalAPIEngineBridge.001", "Unity.InternalAPIEngineBridge.001.csproj", "{b97194f5-f63c-793e-3d45-e9c12ede1188}"
EndProject
Project("{FAE04EC0-301F-11D3-BF4B-00C04F79EFBC}") = "Unity.VisualScripting.Core.Editor", "Unity.VisualScripting.Core.Editor.csproj", "{65e4b849-c521-a22c-92ac-786e1ebd2980}"
EndProject
Project("{FAE04EC0-301F-11D3-BF4B-00C04F79EFBC}") = "Unity.VisualStudio.Editor", "Unity.VisualStudio.Editor.csproj", "{b1009d68-25fa-197d-4c05-9f35c2cabe2b}"
EndProject
Project("{FAE04EC0-301F-11D3-BF4B-00C04F79EFBC}") = "Unity.Timeline.Editor", "Unity.Timeline.Editor.csproj", "{f6923f86-12be-5854-ff39-c942d468b161}"
EndProject
Project("{FAE04EC0-301F-11D3-BF4B-00C04F79EFBC}") = "Unity.VisualScripting.State.Editor", "Unity.VisualScripting.State.Editor.csproj", "{d7ff4601-7363-bef2-bf21-c8b60ecbd92c}"
EndProject
Project("{FAE04EC0-301F-11D3-BF4B-00C04F79EFBC}") = "Unity.TextMeshPro.Editor", "Unity.TextMeshPro.Editor.csproj", "{2232826f-81a9-9406-f816-06b554d5b6be}"
EndProject
Project("{FAE04EC0-301F-11D3-BF4B-00C04F79EFBC}") = "Unity.2D.Animation.Editor", "Unity.2D.Animation.Editor.csproj", "{ee9f0d96-5a19-78be-00af-fd9e1b406856}"
EndProject
Project("{FAE04EC0-301F-11D3-BF4B-00C04F79EFBC}") = "VSSettingsProvider", "VSSettingsProvider.csproj", "{d88a895d-ae10-de42-2739-79acfce78a21}"
EndProject
Project("{FAE04EC0-301F-11D3-BF4B-00C04F79EFBC}") = "Unity.CollabProxy.Editor", "Unity.CollabProxy.Editor.csproj", "{e3892d21-8b2b-888a-0334-7a299e6de5b1}"
EndProject
Project("{FAE04EC0-301F-11D3-BF4B-00C04F79EFBC}") = "UnityEditor.TestRunner", "UnityEditor.TestRunner.csproj", "{7ffac94f-0101-ca34-f7a4-a64a37ade50e}"
EndProject
Project("{FAE04EC0-301F-11D3-BF4B-00C04F79EFBC}") = "Unity.VisualScripting.Flow.Editor", "Unity.VisualScripting.Flow.Editor.csproj", "{15c245a3-ea66-3ee3-b758-e5ccacf382ca}"
EndProject
Project("{FAE04EC0-301F-11D3-BF4B-00C04F79EFBC}") = "Unity.Rider.Editor", "Unity.Rider.Editor.csproj", "{a0727ce3-ea61-9587-816e-381eff1f8a70}"
EndProject
Project("{FAE04EC0-301F-11D3-BF4B-00C04F79EFBC}") = "Unity.2D.Path.Editor", "Unity.2D.Path.Editor.csproj", "{bde73878-3ab2-f1c1-ad63-bf008bb90ac9}"
EndProject
Project("{FAE04EC0-301F-11D3-BF4B-00C04F79EFBC}") = "PsdPlugin", "PsdPlugin.csproj", "{7274ebfb-8252-6a45-854c-2f94a78b2f14}"
EndProject
Project("{FAE04EC0-301F-11D3-BF4B-00C04F79EFBC}") = "Unity.2D.IK.Editor", "Unity.2D.IK.Editor.csproj", "{7bd9c018-5efe-95a0-a983-61410b5a3d4d}"
EndProject
Project("{FAE04EC0-301F-11D3-BF4B-00C04F79EFBC}") = "Unity.2D.Psdimporter.Editor", "Unity.2D.Psdimporter.Editor.csproj", "{d40202c9-1326-afb5-a4d0-fa0542106b25}"
EndProject
Project("{FAE04EC0-301F-11D3-BF4B-00C04F79EFBC}") = "Unity.2D.SpriteShape.Editor", "Unity.2D.SpriteShape.Editor.csproj", "{b2d2c67d-28a7-f8d4-073a-801158528121}"
EndProject
Project("{FAE04EC0-301F-11D3-BF4B-00C04F79EFBC}") = "Unity.SysrootPackage.Editor", "Unity.SysrootPackage.Editor.csproj", "{fb88a4e0-c7e1-5992-549e-1c36e6e6e87a}"
EndProject
Project("{FAE04EC0-301F-11D3-BF4B-00C04F79EFBC}") = "Unity.2D.Tilemap.Editor", "Unity.2D.Tilemap.Editor.csproj", "{ceb463c4-ca3e-fec1-f6a7-8c9b334a5628}"
EndProject
Project("{FAE04EC0-301F-11D3-BF4B-00C04F79EFBC}") = "Unity.2D.PixelPerfect.Editor", "Unity.2D.PixelPerfect.Editor.csproj", "{598fbdcb-6ac7-ab3d-f96a-4fac15edb671}"
EndProject
Project("{FAE04EC0-301F-11D3-BF4B-00C04F79EFBC}") = "Unity.VSCode.Editor", "Unity.VSCode.Editor.csproj", "{20e6a6a5-3b5e-5490-4323-bbf4bec4ee4a}"
EndProject
Project("{FAE04EC0-301F-11D3-BF4B-00C04F79EFBC}") = "Unity.2D.Sprite.Editor", "Unity.2D.Sprite.Editor.csproj", "{12dcd0cc-b517-9288-c641-cbd157d0d73a}"
EndProject
Project("{FAE04EC0-301F-11D3-BF4B-00C04F79EFBC}") = "UnityEditor.UI", "UnityEditor.UI.csproj", "{ef79221f-19d7-b3c0-1e04-e088f6448d2d}"
EndProject
Project("{FAE04EC0-301F-11D3-BF4B-00C04F79EFBC}") = "Unity.Mathematics.Editor", "Unity.Mathematics.Editor.csproj", "{7f0a71ac-b018-94f3-9ab5-5370985fdf80}"
EndProject
Project("{FAE04EC0-301F-11D3-BF4B-00C04F79EFBC}") = "Unity.2D.Common.Editor", "Unity.2D.Common.Editor.csproj", "{4f9419fa-4607-b508-6d70-2c79a10b9fd5}"
EndProject
Project("{FAE04EC0-301F-11D3-BF4B-00C04F79EFBC}") = "Unity.InternalAPIEditorBridge.001", "Unity.InternalAPIEditorBridge.001.csproj", "{996c4201-5e9f-b179-34f6-3123fcd024ea}"
EndProject
Project("{FAE04EC0-301F-11D3-BF4B-00C04F79EFBC}") = "Unity.Sysroot.Linux_x86_64", "Unity.Sysroot.Linux_x86_64.csproj", "{f7376694-20ad-c3fe-3f5d-99881df547ad}"
EndProject
Project("{FAE04EC0-301F-11D3-BF4B-00C04F79EFBC}") = "Unity.Toolchain.Linux-x86_64", "Unity.Toolchain.Linux-x86_64.csproj", "{773d0331-7385-fd1f-cef4-d99824865e0e}"
EndProject
Global
	GlobalSection(SolutionConfigurationPlatforms) = preSolution
		Debug|Any CPU = Debug|Any CPU
	EndGlobalSection
	GlobalSection(ProjectConfigurationPlatforms) = postSolution
		{f3397e74-9da9-2bdc-861a-e3c1e49c12a7}.Debug|Any CPU.ActiveCfg = Debug|Any CPU
		{f3397e74-9da9-2bdc-861a-e3c1e49c12a7}.Debug|Any CPU.Build.0 = Debug|Any CPU
		{f4c4110e-1d50-c2d7-7059-440478e29033}.Debug|Any CPU.ActiveCfg = Debug|Any CPU
		{f4c4110e-1d50-c2d7-7059-440478e29033}.Debug|Any CPU.Build.0 = Debug|Any CPU
		{e4482abf-9df5-eadf-7c45-b2fc6ade1213}.Debug|Any CPU.ActiveCfg = Debug|Any CPU
		{e4482abf-9df5-eadf-7c45-b2fc6ade1213}.Debug|Any CPU.Build.0 = Debug|Any CPU
		{8b52bd98-2e52-8173-c7f5-c6292fb45e66}.Debug|Any CPU.ActiveCfg = Debug|Any CPU
		{8b52bd98-2e52-8173-c7f5-c6292fb45e66}.Debug|Any CPU.Build.0 = Debug|Any CPU
		{00d2bb41-bf41-dbc2-2322-cd7fc06c23f8}.Debug|Any CPU.ActiveCfg = Debug|Any CPU
		{00d2bb41-bf41-dbc2-2322-cd7fc06c23f8}.Debug|Any CPU.Build.0 = Debug|Any CPU
		{e766ce09-9f37-2a68-9852-e4c36a2e56dc}.Debug|Any CPU.ActiveCfg = Debug|Any CPU
		{e766ce09-9f37-2a68-9852-e4c36a2e56dc}.Debug|Any CPU.Build.0 = Debug|Any CPU
		{310cc662-ce85-ea25-ef81-31b6fe4bfc3d}.Debug|Any CPU.ActiveCfg = Debug|Any CPU
		{310cc662-ce85-ea25-ef81-31b6fe4bfc3d}.Debug|Any CPU.Build.0 = Debug|Any CPU
		{fdc56455-7e62-8569-1c9c-63640d145475}.Debug|Any CPU.ActiveCfg = Debug|Any CPU
		{fdc56455-7e62-8569-1c9c-63640d145475}.Debug|Any CPU.Build.0 = Debug|Any CPU
		{9bb3695e-d44a-ad54-689c-4cae297a1875}.Debug|Any CPU.ActiveCfg = Debug|Any CPU
		{9bb3695e-d44a-ad54-689c-4cae297a1875}.Debug|Any CPU.Build.0 = Debug|Any CPU
		{c7397351-7d18-b562-118d-706cd0c1b922}.Debug|Any CPU.ActiveCfg = Debug|Any CPU
		{c7397351-7d18-b562-118d-706cd0c1b922}.Debug|Any CPU.Build.0 = Debug|Any CPU
		{403839f6-d3ea-17f7-3781-b789a5f78b27}.Debug|Any CPU.ActiveCfg = Debug|Any CPU
		{403839f6-d3ea-17f7-3781-b789a5f78b27}.Debug|Any CPU.Build.0 = Debug|Any CPU
		{223aba4d-ba14-794c-564c-2629bf551d40}.Debug|Any CPU.ActiveCfg = Debug|Any CPU
		{223aba4d-ba14-794c-564c-2629bf551d40}.Debug|Any CPU.Build.0 = Debug|Any CPU
		{fc6f591f-06a7-5c59-fe5f-80beeb0b7b3c}.Debug|Any CPU.ActiveCfg = Debug|Any CPU
		{fc6f591f-06a7-5c59-fe5f-80beeb0b7b3c}.Debug|Any CPU.Build.0 = Debug|Any CPU
		{ca0ba82d-f275-5af7-96cc-9dda2cf76495}.Debug|Any CPU.ActiveCfg = Debug|Any CPU
		{ca0ba82d-f275-5af7-96cc-9dda2cf76495}.Debug|Any CPU.Build.0 = Debug|Any CPU
		{6a42dbbc-d37b-fca9-31d5-82145917af7f}.Debug|Any CPU.ActiveCfg = Debug|Any CPU
		{6a42dbbc-d37b-fca9-31d5-82145917af7f}.Debug|Any CPU.Build.0 = Debug|Any CPU
		{b97194f5-f63c-793e-3d45-e9c12ede1188}.Debug|Any CPU.ActiveCfg = Debug|Any CPU
		{b97194f5-f63c-793e-3d45-e9c12ede1188}.Debug|Any CPU.Build.0 = Debug|Any CPU
		{65e4b849-c521-a22c-92ac-786e1ebd2980}.Debug|Any CPU.ActiveCfg = Debug|Any CPU
		{65e4b849-c521-a22c-92ac-786e1ebd2980}.Debug|Any CPU.Build.0 = Debug|Any CPU
		{b1009d68-25fa-197d-4c05-9f35c2cabe2b}.Debug|Any CPU.ActiveCfg = Debug|Any CPU
		{b1009d68-25fa-197d-4c05-9f35c2cabe2b}.Debug|Any CPU.Build.0 = Debug|Any CPU
		{f6923f86-12be-5854-ff39-c942d468b161}.Debug|Any CPU.ActiveCfg = Debug|Any CPU
		{f6923f86-12be-5854-ff39-c942d468b161}.Debug|Any CPU.Build.0 = Debug|Any CPU
		{d7ff4601-7363-bef2-bf21-c8b60ecbd92c}.Debug|Any CPU.ActiveCfg = Debug|Any CPU
		{d7ff4601-7363-bef2-bf21-c8b60ecbd92c}.Debug|Any CPU.Build.0 = Debug|Any CPU
		{2232826f-81a9-9406-f816-06b554d5b6be}.Debug|Any CPU.ActiveCfg = Debug|Any CPU
		{2232826f-81a9-9406-f816-06b554d5b6be}.Debug|Any CPU.Build.0 = Debug|Any CPU
		{ee9f0d96-5a19-78be-00af-fd9e1b406856}.Debug|Any CPU.ActiveCfg = Debug|Any CPU
		{ee9f0d96-5a19-78be-00af-fd9e1b406856}.Debug|Any CPU.Build.0 = Debug|Any CPU
		{d88a895d-ae10-de42-2739-79acfce78a21}.Debug|Any CPU.ActiveCfg = Debug|Any CPU
		{d88a895d-ae10-de42-2739-79acfce78a21}.Debug|Any CPU.Build.0 = Debug|Any CPU
		{e3892d21-8b2b-888a-0334-7a299e6de5b1}.Debug|Any CPU.ActiveCfg = Debug|Any CPU
		{e3892d21-8b2b-888a-0334-7a299e6de5b1}.Debug|Any CPU.Build.0 = Debug|Any CPU
		{7ffac94f-0101-ca34-f7a4-a64a37ade50e}.Debug|Any CPU.ActiveCfg = Debug|Any CPU
		{7ffac94f-0101-ca34-f7a4-a64a37ade50e}.Debug|Any CPU.Build.0 = Debug|Any CPU
		{15c245a3-ea66-3ee3-b758-e5ccacf382ca}.Debug|Any CPU.ActiveCfg = Debug|Any CPU
		{15c245a3-ea66-3ee3-b758-e5ccacf382ca}.Debug|Any CPU.Build.0 = Debug|Any CPU
		{a0727ce3-ea61-9587-816e-381eff1f8a70}.Debug|Any CPU.ActiveCfg = Debug|Any CPU
		{a0727ce3-ea61-9587-816e-381eff1f8a70}.Debug|Any CPU.Build.0 = Debug|Any CPU
		{bde73878-3ab2-f1c1-ad63-bf008bb90ac9}.Debug|Any CPU.ActiveCfg = Debug|Any CPU
		{bde73878-3ab2-f1c1-ad63-bf008bb90ac9}.Debug|Any CPU.Build.0 = Debug|Any CPU
		{7274ebfb-8252-6a45-854c-2f94a78b2f14}.Debug|Any CPU.ActiveCfg = Debug|Any CPU
		{7274ebfb-8252-6a45-854c-2f94a78b2f14}.Debug|Any CPU.Build.0 = Debug|Any CPU
		{7bd9c018-5efe-95a0-a983-61410b5a3d4d}.Debug|Any CPU.ActiveCfg = Debug|Any CPU
		{7bd9c018-5efe-95a0-a983-61410b5a3d4d}.Debug|Any CPU.Build.0 = Debug|Any CPU
		{d40202c9-1326-afb5-a4d0-fa0542106b25}.Debug|Any CPU.ActiveCfg = Debug|Any CPU
		{d40202c9-1326-afb5-a4d0-fa0542106b25}.Debug|Any CPU.Build.0 = Debug|Any CPU
		{b2d2c67d-28a7-f8d4-073a-801158528121}.Debug|Any CPU.ActiveCfg = Debug|Any CPU
		{b2d2c67d-28a7-f8d4-073a-801158528121}.Debug|Any CPU.Build.0 = Debug|Any CPU
		{fb88a4e0-c7e1-5992-549e-1c36e6e6e87a}.Debug|Any CPU.ActiveCfg = Debug|Any CPU
		{fb88a4e0-c7e1-5992-549e-1c36e6e6e87a}.Debug|Any CPU.Build.0 = Debug|Any CPU
		{ceb463c4-ca3e-fec1-f6a7-8c9b334a5628}.Debug|Any CPU.ActiveCfg = Debug|Any CPU
		{ceb463c4-ca3e-fec1-f6a7-8c9b334a5628}.Debug|Any CPU.Build.0 = Debug|Any CPU
		{598fbdcb-6ac7-ab3d-f96a-4fac15edb671}.Debug|Any CPU.ActiveCfg = Debug|Any CPU
		{598fbdcb-6ac7-ab3d-f96a-4fac15edb671}.Debug|Any CPU.Build.0 = Debug|Any CPU
		{20e6a6a5-3b5e-5490-4323-bbf4bec4ee4a}.Debug|Any CPU.ActiveCfg = Debug|Any CPU
		{20e6a6a5-3b5e-5490-4323-bbf4bec4ee4a}.Debug|Any CPU.Build.0 = Debug|Any CPU
		{12dcd0cc-b517-9288-c641-cbd157d0d73a}.Debug|Any CPU.ActiveCfg = Debug|Any CPU
		{12dcd0cc-b517-9288-c641-cbd157d0d73a}.Debug|Any CPU.Build.0 = Debug|Any CPU
		{ef79221f-19d7-b3c0-1e04-e088f6448d2d}.Debug|Any CPU.ActiveCfg = Debug|Any CPU
		{ef79221f-19d7-b3c0-1e04-e088f6448d2d}.Debug|Any CPU.Build.0 = Debug|Any CPU
		{7f0a71ac-b018-94f3-9ab5-5370985fdf80}.Debug|Any CPU.ActiveCfg = Debug|Any CPU
		{7f0a71ac-b018-94f3-9ab5-5370985fdf80}.Debug|Any CPU.Build.0 = Debug|Any CPU
		{4f9419fa-4607-b508-6d70-2c79a10b9fd5}.Debug|Any CPU.ActiveCfg = Debug|Any CPU
		{4f9419fa-4607-b508-6d70-2c79a10b9fd5}.Debug|Any CPU.Build.0 = Debug|Any CPU
		{996c4201-5e9f-b179-34f6-3123fcd024ea}.Debug|Any CPU.ActiveCfg = Debug|Any CPU
		{996c4201-5e9f-b179-34f6-3123fcd024ea}.Debug|Any CPU.Build.0 = Debug|Any CPU
		{f7376694-20ad-c3fe-3f5d-99881df547ad}.Debug|Any CPU.ActiveCfg = Debug|Any CPU
		{f7376694-20ad-c3fe-3f5d-99881df547ad}.Debug|Any CPU.Build.0 = Debug|Any CPU
		{773d0331-7385-fd1f-cef4-d99824865e0e}.Debug|Any CPU.ActiveCfg = Debug|Any CPU
		{773d0331-7385-fd1f-cef4-d99824865e0e}.Debug|Any CPU.Build.0 = Debug|Any CPU
	EndGlobalSection
	GlobalSection(SolutionProperties) = preSolution
		HideSolutionNode = FALSE
	EndGlobalSection
EndGlobal
